// !$*UTF8*$!
{
	archiveVersion = 1;
	classes = {
	};
	objectVersion = 48;
	objects = {

/* Begin PBXBuildFile section */
		CB0965AE2007D5B600D57B79 /* companiesModel.xcdatamodeld in Sources */ = {isa = PBXBuildFile; fileRef = CB0965AC2007D5B600D57B79 /* companiesModel.xcdatamodeld */; };
		CB1DACA62008C2AB00DAC348 /* CoreDataManager.swift in Sources */ = {isa = PBXBuildFile; fileRef = CB1DACA52008C2AB00DAC348 /* CoreDataManager.swift */; };
		CB3E6BEC2006524000907489 /* UIColor+theme.swift in Sources */ = {isa = PBXBuildFile; fileRef = CB3E6BEB2006524000907489 /* UIColor+theme.swift */; };
		CB3E6BEE200655E800907489 /* Company.swift in Sources */ = {isa = PBXBuildFile; fileRef = CB3E6BED200655E800907489 /* Company.swift */; };
		CB4D405520065E3500158DD6 /* CreateCompanyController.swift in Sources */ = {isa = PBXBuildFile; fileRef = CB4D405420065E3500158DD6 /* CreateCompanyController.swift */; };
		CBF6D2BC2003CF66009CE609 /* AppDelegate.swift in Sources */ = {isa = PBXBuildFile; fileRef = CBF6D2BB2003CF66009CE609 /* AppDelegate.swift */; };
		CBF6D2BE2003CF66009CE609 /* CompaniesController.swift in Sources */ = {isa = PBXBuildFile; fileRef = CBF6D2BD2003CF66009CE609 /* CompaniesController.swift */; };
		CBF6D2C32003CF66009CE609 /* Assets.xcassets in Resources */ = {isa = PBXBuildFile; fileRef = CBF6D2C22003CF66009CE609 /* Assets.xcassets */; };
		CBF6D2C62003CF66009CE609 /* LaunchScreen.storyboard in Resources */ = {isa = PBXBuildFile; fileRef = CBF6D2C42003CF66009CE609 /* LaunchScreen.storyboard */; };
/* End PBXBuildFile section */

/* Begin PBXFileReference section */
		CB0965AD2007D5B600D57B79 /* companiesModel.xcdatamodel */ = {isa = PBXFileReference; lastKnownFileType = wrapper.xcdatamodel; path = companiesModel.xcdatamodel; sourceTree = "<group>"; };
		CB1DACA52008C2AB00DAC348 /* CoreDataManager.swift */ = {isa = PBXFileReference; lastKnownFileType = sourcecode.swift; path = CoreDataManager.swift; sourceTree = "<group>"; };
		CB3E6BEB2006524000907489 /* UIColor+theme.swift */ = {isa = PBXFileReference; lastKnownFileType = sourcecode.swift; path = "UIColor+theme.swift"; sourceTree = "<group>"; };
		CB3E6BED200655E800907489 /* Company.swift */ = {isa = PBXFileReference; lastKnownFileType = sourcecode.swift; path = Company.swift; sourceTree = "<group>"; };
		CB4D405420065E3500158DD6 /* CreateCompanyController.swift */ = {isa = PBXFileReference; lastKnownFileType = sourcecode.swift; path = CreateCompanyController.swift; sourceTree = "<group>"; };
		CBF6D2B82003CF66009CE609 /* C0reData4pp.app */ = {isa = PBXFileReference; explicitFileType = wrapper.application; includeInIndex = 0; path = C0reData4pp.app; sourceTree = BUILT_PRODUCTS_DIR; };
		CBF6D2BB2003CF66009CE609 /* AppDelegate.swift */ = {isa = PBXFileReference; lastKnownFileType = sourcecode.swift; path = AppDelegate.swift; sourceTree = "<group>"; };
		CBF6D2BD2003CF66009CE609 /* CompaniesController.swift */ = {isa = PBXFileReference; lastKnownFileType = sourcecode.swift; path = CompaniesController.swift; sourceTree = "<group>"; };
		CBF6D2C22003CF66009CE609 /* Assets.xcassets */ = {isa = PBXFileReference; lastKnownFileType = folder.assetcatalog; path = Assets.xcassets; sourceTree = "<group>"; };
		CBF6D2C52003CF66009CE609 /* Base */ = {isa = PBXFileReference; lastKnownFileType = file.storyboard; name = Base; path = Base.lproj/LaunchScreen.storyboard; sourceTree = "<group>"; };
		CBF6D2C72003CF66009CE609 /* Info.plist */ = {isa = PBXFileReference; lastKnownFileType = text.plist.xml; path = Info.plist; sourceTree = "<group>"; };
/* End PBXFileReference section */

/* Begin PBXFrameworksBuildPhase section */
		CBF6D2B52003CF66009CE609 /* Frameworks */ = {
			isa = PBXFrameworksBuildPhase;
			buildActionMask = 2147483647;
			files = (
			);
			runOnlyForDeploymentPostprocessing = 0;
		};
/* End PBXFrameworksBuildPhase section */

/* Begin PBXGroup section */
		CBF6D2AF2003CF66009CE609 = {
			isa = PBXGroup;
			children = (
				CBF6D2BA2003CF66009CE609 /* C0reData4pp */,
				CBF6D2B92003CF66009CE609 /* Products */,
			);
			sourceTree = "<group>";
		};
		CBF6D2B92003CF66009CE609 /* Products */ = {
			isa = PBXGroup;
			children = (
				CBF6D2B82003CF66009CE609 /* C0reData4pp.app */,
			);
			name = Products;
			sourceTree = "<group>";
		};
		CBF6D2BA2003CF66009CE609 /* C0reData4pp */ = {
			isa = PBXGroup;
			children = (
				CBF6D2BB2003CF66009CE609 /* AppDelegate.swift */,
				CBF6D2BD2003CF66009CE609 /* CompaniesController.swift */,
				CB4D405420065E3500158DD6 /* CreateCompanyController.swift */,
				CB3E6BED200655E800907489 /* Company.swift */,
				CB1DACA52008C2AB00DAC348 /* CoreDataManager.swift */,
				CB3E6BEB2006524000907489 /* UIColor+theme.swift */,
				CBF6D2C22003CF66009CE609 /* Assets.xcassets */,
				CBF6D2C42003CF66009CE609 /* LaunchScreen.storyboard */,
				CBF6D2C72003CF66009CE609 /* Info.plist */,
				CB0965AC2007D5B600D57B79 /* companiesModel.xcdatamodeld */,
			);
			path = C0reData4pp;
			sourceTree = "<group>";
		};
/* End PBXGroup section */

/* Begin PBXNativeTarget section */
		CBF6D2B72003CF66009CE609 /* C0reData4pp */ = {
			isa = PBXNativeTarget;
			buildConfigurationList = CBF6D2CA2003CF66009CE609 /* Build configuration list for PBXNativeTarget "C0reData4pp" */;
			buildPhases = (
				CBF6D2B42003CF66009CE609 /* Sources */,
				CBF6D2B52003CF66009CE609 /* Frameworks */,
				CBF6D2B62003CF66009CE609 /* Resources */,
			);
			buildRules = (
			);
			dependencies = (
			);
			name = C0reData4pp;
			productName = C0reData4pp;
			productReference = CBF6D2B82003CF66009CE609 /* C0reData4pp.app */;
			productType = "com.apple.product-type.application";
		};
/* End PBXNativeTarget section */

/* Begin PBXProject section */
		CBF6D2B02003CF66009CE609 /* Project object */ = {
			isa = PBXProject;
			attributes = {
				LastSwiftUpdateCheck = 0920;
				LastUpgradeCheck = 0920;
				ORGANIZATIONNAME = sergey.tereshkin;
				TargetAttributes = {
					CBF6D2B72003CF66009CE609 = {
						CreatedOnToolsVersion = 9.2;
						ProvisioningStyle = Automatic;
					};
				};
			};
			buildConfigurationList = CBF6D2B32003CF66009CE609 /* Build configuration list for PBXProject "C0reData4pp" */;
			compatibilityVersion = "Xcode 8.0";
			developmentRegion = en;
			hasScannedForEncodings = 0;
			knownRegions = (
				en,
				Base,
			);
			mainGroup = CBF6D2AF2003CF66009CE609;
			productRefGroup = CBF6D2B92003CF66009CE609 /* Products */;
			projectDirPath = "";
			projectRoot = "";
			targets = (
				CBF6D2B72003CF66009CE609 /* C0reData4pp */,
			);
		};
/* End PBXProject section */

/* Begin PBXResourcesBuildPhase section */
		CBF6D2B62003CF66009CE609 /* Resources */ = {
			isa = PBXResourcesBuildPhase;
			buildActionMask = 2147483647;
			files = (
				CBF6D2C62003CF66009CE609 /* LaunchScreen.storyboard in Resources */,
				CBF6D2C32003CF66009CE609 /* Assets.xcassets in Resources */,
			);
			runOnlyForDeploymentPostprocessing = 0;
		};
/* End PBXResourcesBuildPhase section */

/* Begin PBXSourcesBuildPhase section */
		CBF6D2B42003CF66009CE609 /* Sources */ = {
			isa = PBXSourcesBuildPhase;
			buildActionMask = 2147483647;
			files = (
				CB3E6BEC2006524000907489 /* UIColor+theme.swift in Sources */,
				CBF6D2BE2003CF66009CE609 /* CompaniesController.swift in Sources */,
				CB4D405520065E3500158DD6 /* CreateCompanyController.swift in Sources */,
				CBF6D2BC2003CF66009CE609 /* AppDelegate.swift in Sources */,
				CB3E6BEE200655E800907489 /* Company.swift in Sources */,
				CB1DACA62008C2AB00DAC348 /* CoreDataManager.swift in Sources */,
				CB0965AE2007D5B600D57B79 /* companiesModel.xcdatamodeld in Sources */,
			);
			runOnlyForDeploymentPostprocessing = 0;
		};
/* End PBXSourcesBuildPhase section */

/* Begin PBXVariantGroup section */
		CBF6D2C42003CF66009CE609 /* LaunchScreen.storyboard */ = {
			isa = PBXVariantGroup;
			children = (
				CBF6D2C52003CF66009CE609 /* Base */,
			);
			name = LaunchScreen.storyboard;
			sourceTree = "<group>";
		};
/* End PBXVariantGroup section */

/* Begin XCBuildConfiguration section */
		CBF6D2C82003CF66009CE609 /* Debug */ = {
			isa = XCBuildConfiguration;
			buildSettings = {
				ALWAYS_SEARCH_USER_PATHS = NO;
				CLANG_ANALYZER_NONNULL = YES;
				CLANG_ANALYZER_NUMBER_OBJECT_CONVERSION = YES_AGGRESSIVE;
				CLANG_CXX_LANGUAGE_STANDARD = "gnu++14";
				CLANG_CXX_LIBRARY = "libc++";
				CLANG_ENABLE_MODULES = YES;
				CLANG_ENABLE_OBJC_ARC = YES;
				CLANG_WARN_BLOCK_CAPTURE_AUTORELEASING = YES;
				CLANG_WARN_BOOL_CONVERSION = YES;
				CLANG_WARN_COMMA = YES;
				CLANG_WARN_CONSTANT_CONVERSION = YES;
				CLANG_WARN_DIRECT_OBJC_ISA_USAGE = YES_ERROR;
				CLANG_WARN_DOCUMENTATION_COMMENTS = YES;
				CLANG_WARN_EMPTY_BODY = YES;
				CLANG_WARN_ENUM_CONVERSION = YES;
				CLANG_WARN_INFINITE_RECURSION = YES;
				CLANG_WARN_INT_CONVERSION = YES;
				CLANG_WARN_NON_LITERAL_NULL_CONVERSION = YES;
				CLANG_WARN_OBJC_LITERAL_CONVERSION = YES;
				CLANG_WARN_OBJC_ROOT_CLASS = YES_ERROR;
				CLANG_WARN_RANGE_LOOP_ANALYSIS = YES;
				CLANG_WARN_STRICT_PROTOTYPES = YES;
				CLANG_WARN_SUSPICIOUS_MOVE = YES;
				CLANG_WARN_UNGUARDED_AVAILABILITY = YES_AGGRESSIVE;
				CLANG_WARN_UNREACHABLE_CODE = YES;
				CLANG_WARN__DUPLICATE_METHOD_MATCH = YES;
				CODE_SIGN_IDENTITY = "iPhone Developer";
				COPY_PHASE_STRIP = NO;
				DEBUG_INFORMATION_FORMAT = dwarf;
				ENABLE_STRICT_OBJC_MSGSEND = YES;
				ENABLE_TESTABILITY = YES;
				GCC_C_LANGUAGE_STANDARD = gnu11;
				GCC_DYNAMIC_NO_PIC = NO;
				GCC_NO_COMMON_BLOCKS = YES;
				GCC_OPTIMIZATION_LEVEL = 0;
				GCC_PREPROCESSOR_DEFINITIONS = (
					"DEBUG=1",
					"$(inherited)",
				);
				GCC_WARN_64_TO_32_BIT_CONVERSION = YES;
				GCC_WARN_ABOUT_RETURN_TYPE = YES_ERROR;
				GCC_WARN_UNDECLARED_SELECTOR = YES;
				GCC_WARN_UNINITIALIZED_AUTOS = YES_AGGRESSIVE;
				GCC_WARN_UNUSED_FUNCTION = YES;
				GCC_WARN_UNUSED_VARIABLE = YES;
				IPHONEOS_DEPLOYMENT_TARGET = 11.2;
				MTL_ENABLE_DEBUG_INFO = YES;
				ONLY_ACTIVE_ARCH = YES;
				SDKROOT = iphoneos;
				SWIFT_ACTIVE_COMPILATION_CONDITIONS = DEBUG;
				SWIFT_OPTIMIZATION_LEVEL = "-Onone";
			};
			name = Debug;
		};
		CBF6D2C92003CF66009CE609 /* Release */ = {
			isa = XCBuildConfiguration;
			buildSettings = {
				ALWAYS_SEARCH_USER_PATHS = NO;
				CLANG_ANALYZER_NONNULL = YES;
				CLANG_ANALYZER_NUMBER_OBJECT_CONVERSION = YES_AGGRESSIVE;
				CLANG_CXX_LANGUAGE_STANDARD = "gnu++14";
				CLANG_CXX_LIBRARY = "libc++";
				CLANG_ENABLE_MODULES = YES;
				CLANG_ENABLE_OBJC_ARC = YES;
				CLANG_WARN_BLOCK_CAPTURE_AUTORELEASING = YES;
				CLANG_WARN_BOOL_CONVERSION = YES;
				CLANG_WARN_COMMA = YES;
				CLANG_WARN_CONSTANT_CONVERSION = YES;
				CLANG_WARN_DIRECT_OBJC_ISA_USAGE = YES_ERROR;
				CLANG_WARN_DOCUMENTATION_COMMENTS = YES;
				CLANG_WARN_EMPTY_BODY = YES;
				CLANG_WARN_ENUM_CONVERSION = YES;
				CLANG_WARN_INFINITE_RECURSION = YES;
				CLANG_WARN_INT_CONVERSION = YES;
				CLANG_WARN_NON_LITERAL_NULL_CONVERSION = YES;
				CLANG_WARN_OBJC_LITERAL_CONVERSION = YES;
				CLANG_WARN_OBJC_ROOT_CLASS = YES_ERROR;
				CLANG_WARN_RANGE_LOOP_ANALYSIS = YES;
				CLANG_WARN_STRICT_PROTOTYPES = YES;
				CLANG_WARN_SUSPICIOUS_MOVE = YES;
				CLANG_WARN_UNGUARDED_AVAILABILITY = YES_AGGRESSIVE;
				CLANG_WARN_UNREACHABLE_CODE = YES;
				CLANG_WARN__DUPLICATE_METHOD_MATCH = YES;
				CODE_SIGN_IDENTITY = "iPhone Developer";
				COPY_PHASE_STRIP = NO;
				DEBUG_INFORMATION_FORMAT = "dwarf-with-dsym";
				ENABLE_NS_ASSERTIONS = NO;
				ENABLE_STRICT_OBJC_MSGSEND = YES;
				GCC_C_LANGUAGE_STANDARD = gnu11;
				GCC_NO_COMMON_BLOCKS = YES;
				GCC_WARN_64_TO_32_BIT_CONVERSION = YES;
				GCC_WARN_ABOUT_RETURN_TYPE = YES_ERROR;
				GCC_WARN_UNDECLARED_SELECTOR = YES;
				GCC_WARN_UNINITIALIZED_AUTOS = YES_AGGRESSIVE;
				GCC_WARN_UNUSED_FUNCTION = YES;
				GCC_WARN_UNUSED_VARIABLE = YES;
				IPHONEOS_DEPLOYMENT_TARGET = 11.2;
				MTL_ENABLE_DEBUG_INFO = NO;
				SDKROOT = iphoneos;
				SWIFT_OPTIMIZATION_LEVEL = "-Owholemodule";
				VALIDATE_PRODUCT = YES;
			};
			name = Release;
		};
		CBF6D2CB2003CF66009CE609 /* Debug */ = {
			isa = XCBuildConfiguration;
			buildSettings = {
				ASSETCATALOG_COMPILER_APPICON_NAME = AppIcon;
				CODE_SIGN_STYLE = Automatic;
				DEVELOPMENT_TEAM = BS28VN32MJ;
				INFOPLIST_FILE = C0reData4pp/Info.plist;
				LD_RUNPATH_SEARCH_PATHS = "$(inherited) @executable_path/Frameworks";
				PRODUCT_BUNDLE_IDENTIFIER = nerve.d4mage.C0reData4pp;
				PRODUCT_NAME = "$(TARGET_NAME)";
				SWIFT_VERSION = 4.0;
				TARGETED_DEVICE_FAMILY = "1,2";
			};
			name = Debug;
		};
		CBF6D2CC2003CF66009CE609 /* Release */ = {
			isa = XCBuildConfiguration;
			buildSettings = {
				ASSETCATALOG_COMPILER_APPICON_NAME = AppIcon;
				CODE_SIGN_STYLE = Automatic;
				DEVELOPMENT_TEAM = BS28VN32MJ;
				INFOPLIST_FILE = C0reData4pp/Info.plist;
				LD_RUNPATH_SEARCH_PATHS = "$(inherited) @executable_path/Frameworks";
				PRODUCT_BUNDLE_IDENTIFIER = nerve.d4mage.C0reData4pp;
				PRODUCT_NAME = "$(TARGET_NAME)";
				SWIFT_VERSION = 4.0;
				TARGETED_DEVICE_FAMILY = "1,2";
			};
			name = Release;
		};
/* End XCBuildConfiguration section */

/* Begin XCConfigurationList section */
		CBF6D2B32003CF66009CE609 /* Build configuration list for PBXProject "C0reData4pp" */ = {
			isa = XCConfigurationList;
			buildConfigurations = (
				CBF6D2C82003CF66009CE609 /* Debug */,
				CBF6D2C92003CF66009CE609 /* Release */,
			);
			defaultConfigurationIsVisible = 0;
			defaultConfigurationName = Release;
		};
		CBF6D2CA2003CF66009CE609 /* Build configuration list for PBXNativeTarget "C0reData4pp" */ = {
			isa = XCConfigurationList;
			buildConfigurations = (
				CBF6D2CB2003CF66009CE609 /* Debug */,
				CBF6D2CC2003CF66009CE609 /* Release */,
			);
			defaultConfigurationIsVisible = 0;
			defaultConfigurationName = Release;
		};
/* End XCConfigurationList section */

/* Begin XCVersionGroup section */
		CB0965AC2007D5B600D57B79 /* companiesModel.xcdatamodeld */ = {
			isa = XCVersionGroup;
			children = (
				CB0965AD2007D5B600D57B79 /* companiesModel.xcdatamodel */,
			);
			currentVersion = CB0965AD2007D5B600D57B79 /* companiesModel.xcdatamodel */;
			path = companiesModel.xcdatamodeld;
			sourceTree = "<group>";
			versionGroupType = wrapper.xcdatamodel;
		};
/* End XCVersionGroup section */
	};
	rootObject = CBF6D2B02003CF66009CE609 /* Project object */;
}
